
Microsoft Visual Studio Solution File, Format Version 12.00
# Visual Studio 15
VisualStudioVersion = 15.0.27130.2024
MinimumVisualStudioVersion = 10.0.40219.1
Project("{8BC9CEB8-8B4A-11D0-8D11-00A0C91BC942}") = "SDLtest", "SDLtest\SDLtest.vcxproj", "{33B5A356-3614-4C38-A4ED-F86922A90F4D}"
EndProject
Global
	GlobalSection(SolutionConfigurationPlatforms) = preSolution
		Debug|x64 = Debug|x64
		Debug|x86 = Debug|x86
		Release|x64 = Release|x64
		Release|x86 = Release|x86
	EndGlobalSection
	GlobalSection(ProjectConfigurationPlatforms) = postSolution
		{33B5A356-3614-4C38-A4ED-F86922A90F4D}.Debug|x64.ActiveCfg = Debug|x64
		{33B5A356-3614-4C38-A4ED-F86922A90F4D}.Debug|x64.Build.0 = Debug|x64
		{33B5A356-3614-4C38-A4ED-F86922A90F4D}.Debug|x86.ActiveCfg = Debug|Win32
		{33B5A356-3614-4C38-A4ED-F86922A90F4D}.Debug|x86.Build.0 = Debug|Win32
		{33B5A356-3614-4C38-A4ED-F86922A90F4D}.Release|x64.ActiveCfg = Release|x64
		{33B5A356-3614-4C38-A4ED-F86922A90F4D}.Release|x64.Build.0 = Release|x64
		{33B5A356-3614-4C38-A4ED-F86922A90F4D}.Release|x86.ActiveCfg = Release|Win32
		{33B5A356-3614-4C38-A4ED-F86922A90F4D}.Release|x86.Build.0 = Release|Win32
	EndGlobalSection
	GlobalSection(SolutionProperties) = preSolution
		HideSolutionNode = FALSE
	EndGlobalSection
	GlobalSection(ExtensibilityGlobals) = postSolution
		SolutionGuid = {2133F3A0-7871-46B2-8028-3447B02F2D53}
	EndGlobalSection
EndGlobal
