
Microsoft Visual Studio Solution File, Format Version 12.00
# Visual Studio 15
VisualStudioVersion = 15.0.27130.2010
MinimumVisualStudioVersion = 10.0.40219.1
Project("{8BC9CEB8-8B4A-11D0-8D11-00A0C91BC942}") = "Project39", "Project39\Project39.vcxproj", "{FB11FA49-BA62-4B02-AAE1-B86268AC547B}"
EndProject
Global
	GlobalSection(SolutionConfigurationPlatforms) = preSolution
		Debug|x64 = Debug|x64
		Debug|x86 = Debug|x86
		Release|x64 = Release|x64
		Release|x86 = Release|x86
	EndGlobalSection
	GlobalSection(ProjectConfigurationPlatforms) = postSolution
		{FB11FA49-BA62-4B02-AAE1-B86268AC547B}.Debug|x64.ActiveCfg = Debug|x64
		{FB11FA49-BA62-4B02-AAE1-B86268AC547B}.Debug|x64.Build.0 = Debug|x64
		{FB11FA49-BA62-4B02-AAE1-B86268AC547B}.Debug|x86.ActiveCfg = Debug|Win32
		{FB11FA49-BA62-4B02-AAE1-B86268AC547B}.Debug|x86.Build.0 = Debug|Win32
		{FB11FA49-BA62-4B02-AAE1-B86268AC547B}.Release|x64.ActiveCfg = Release|x64
		{FB11FA49-BA62-4B02-AAE1-B86268AC547B}.Release|x64.Build.0 = Release|x64
		{FB11FA49-BA62-4B02-AAE1-B86268AC547B}.Release|x86.ActiveCfg = Release|Win32
		{FB11FA49-BA62-4B02-AAE1-B86268AC547B}.Release|x86.Build.0 = Release|Win32
	EndGlobalSection
	GlobalSection(SolutionProperties) = preSolution
		HideSolutionNode = FALSE
	EndGlobalSection
	GlobalSection(ExtensibilityGlobals) = postSolution
		SolutionGuid = {63CCA09F-1C63-4F0C-A1AD-B87D92642488}
	EndGlobalSection
EndGlobal
