
Microsoft Visual Studio Solution File, Format Version 12.00
# Visual Studio 15
VisualStudioVersion = 15.0.27130.2010
MinimumVisualStudioVersion = 10.0.40219.1
Project("{8BC9CEB8-8B4A-11D0-8D11-00A0C91BC942}") = "Project20", "Project20\Project20.vcxproj", "{C092E1C6-0118-4CD3-A397-2C080E170E6E}"
EndProject
Global
	GlobalSection(SolutionConfigurationPlatforms) = preSolution
		Debug|x64 = Debug|x64
		Debug|x86 = Debug|x86
		Release|x64 = Release|x64
		Release|x86 = Release|x86
	EndGlobalSection
	GlobalSection(ProjectConfigurationPlatforms) = postSolution
		{C092E1C6-0118-4CD3-A397-2C080E170E6E}.Debug|x64.ActiveCfg = Debug|x64
		{C092E1C6-0118-4CD3-A397-2C080E170E6E}.Debug|x64.Build.0 = Debug|x64
		{C092E1C6-0118-4CD3-A397-2C080E170E6E}.Debug|x86.ActiveCfg = Debug|Win32
		{C092E1C6-0118-4CD3-A397-2C080E170E6E}.Debug|x86.Build.0 = Debug|Win32
		{C092E1C6-0118-4CD3-A397-2C080E170E6E}.Release|x64.ActiveCfg = Release|x64
		{C092E1C6-0118-4CD3-A397-2C080E170E6E}.Release|x64.Build.0 = Release|x64
		{C092E1C6-0118-4CD3-A397-2C080E170E6E}.Release|x86.ActiveCfg = Release|Win32
		{C092E1C6-0118-4CD3-A397-2C080E170E6E}.Release|x86.Build.0 = Release|Win32
	EndGlobalSection
	GlobalSection(SolutionProperties) = preSolution
		HideSolutionNode = FALSE
	EndGlobalSection
	GlobalSection(ExtensibilityGlobals) = postSolution
		SolutionGuid = {BD692B8F-9E83-41C6-AA19-B2BA497293A1}
	EndGlobalSection
EndGlobal
